
Microsoft Visual Studio Solution File, Format Version 12.00
# Visual Studio Version 17
VisualStudioVersion = 17.10.34928.147
MinimumVisualStudioVersion = 10.0.40219.1
Project("{FAE04EC0-301F-11D3-BF4B-00C04F79EFBC}") = "VeriDogrulama", "VeriDogrulama\VeriDogrulama.csproj", "{BA37DE15-F86C-4918-864C-BD16DE850048}"
EndProject
Global
	GlobalSection(SolutionConfigurationPlatforms) = preSolution
		Debug|Any CPU = Debug|Any CPU
		Release|Any CPU = Release|Any CPU
	EndGlobalSection
	GlobalSection(ProjectConfigurationPlatforms) = postSolution
		{BA37DE15-F86C-4918-864C-BD16DE850048}.Debug|Any CPU.ActiveCfg = Debug|Any CPU
		{BA37DE15-F86C-4918-864C-BD16DE850048}.Debug|Any CPU.Build.0 = Debug|Any CPU
		{BA37DE15-F86C-4918-864C-BD16DE850048}.Release|Any CPU.ActiveCfg = Release|Any CPU
		{BA37DE15-F86C-4918-864C-BD16DE850048}.Release|Any CPU.Build.0 = Release|Any CPU
	EndGlobalSection
	GlobalSection(SolutionProperties) = preSolution
		HideSolutionNode = FALSE
	EndGlobalSection
	GlobalSection(ExtensibilityGlobals) = postSolution
		SolutionGuid = {6C7312B5-356B-4A0A-9D69-167E88409E60}
	EndGlobalSection
EndGlobal
