
Microsoft Visual Studio Solution File, Format Version 12.00
# Visual Studio Version 17
VisualStudioVersion = 17.10.34928.147
MinimumVisualStudioVersion = 10.0.40219.1
Project("{FAE04EC0-301F-11D3-BF4B-00C04F79EFBC}") = "KontroluUygulama2", "KontroluUygulama2\KontroluUygulama2.csproj", "{05F46F65-CCD1-4427-AD3A-ED6BD0C634E6}"
EndProject
Global
	GlobalSection(SolutionConfigurationPlatforms) = preSolution
		Debug|Any CPU = Debug|Any CPU
		Release|Any CPU = Release|Any CPU
	EndGlobalSection
	GlobalSection(ProjectConfigurationPlatforms) = postSolution
		{05F46F65-CCD1-4427-AD3A-ED6BD0C634E6}.Debug|Any CPU.ActiveCfg = Debug|Any CPU
		{05F46F65-CCD1-4427-AD3A-ED6BD0C634E6}.Debug|Any CPU.Build.0 = Debug|Any CPU
		{05F46F65-CCD1-4427-AD3A-ED6BD0C634E6}.Release|Any CPU.ActiveCfg = Release|Any CPU
		{05F46F65-CCD1-4427-AD3A-ED6BD0C634E6}.Release|Any CPU.Build.0 = Release|Any CPU
	EndGlobalSection
	GlobalSection(SolutionProperties) = preSolution
		HideSolutionNode = FALSE
	EndGlobalSection
	GlobalSection(ExtensibilityGlobals) = postSolution
		SolutionGuid = {4D87ADFF-2DAF-4D72-817E-E15121686F49}
	EndGlobalSection
EndGlobal
