
Microsoft Visual Studio Solution File, Format Version 12.00
# Visual Studio Version 17
VisualStudioVersion = 17.9.34714.143
MinimumVisualStudioVersion = 10.0.40219.1
Project("{FAE04EC0-301F-11D3-BF4B-00C04F79EFBC}") = "KutuphaneApp", "KutuphaneApp\KutuphaneApp.csproj", "{B1F36FDD-B685-4E85-876E-B9CEA70FB5CD}"
EndProject
Global
	GlobalSection(SolutionConfigurationPlatforms) = preSolution
		Debug|Any CPU = Debug|Any CPU
		Release|Any CPU = Release|Any CPU
	EndGlobalSection
	GlobalSection(ProjectConfigurationPlatforms) = postSolution
		{B1F36FDD-B685-4E85-876E-B9CEA70FB5CD}.Debug|Any CPU.ActiveCfg = Debug|Any CPU
		{B1F36FDD-B685-4E85-876E-B9CEA70FB5CD}.Debug|Any CPU.Build.0 = Debug|Any CPU
		{B1F36FDD-B685-4E85-876E-B9CEA70FB5CD}.Release|Any CPU.ActiveCfg = Release|Any CPU
		{B1F36FDD-B685-4E85-876E-B9CEA70FB5CD}.Release|Any CPU.Build.0 = Release|Any CPU
	EndGlobalSection
	GlobalSection(SolutionProperties) = preSolution
		HideSolutionNode = FALSE
	EndGlobalSection
	GlobalSection(ExtensibilityGlobals) = postSolution
		SolutionGuid = {F46F41B6-D176-4F2F-BAD6-91A64942E10B}
	EndGlobalSection
EndGlobal
